{
    "_meta": {
        "hash": {
            "sha256": "8a8ad5a7100fbc368a23139741224475a38cedb958c334f6c99d2b581c012c2d"
        },
        "pipfile-spec": 6,
        "requires": {
            "python_version": "3.7"
        },
        "sources": [
            {
                "name": "pypi",
                "url": "https://pypi.org/simple",
                "verify_ssl": true
            }
        ]
    },
    "default": {
        "cx-oracle": {
            "hashes": [
                "sha256:078f9045fb6ec1e2474ca81356084e4600f0f21b027a08239c345bed8cdebe2c",
                "sha256:13e60bda1bafe09296150310f4adb413627156c10c67933fec2d580142349fde",
                "sha256:1bcd2dbc8a554ce6e06c93e7ff7e2fd2e5a6ee347a49b9bf091268b99886ae4b",
                "sha256:3bb79760d9859317c934310dd20ce03c6d638801dbcb067798f0a823c750d6d1",
                "sha256:41acba92a7324a3d7204afd5abe46b0d9a6d8b391acbfa069105f6cda989f7fc",
                "sha256:7bf5c92cfeea5eab7f6198dbd3bf759879b548e1ac9f34a6af7ccb762ff98c0c",
                "sha256:8312a8775354531a9cbc3e24e977e5eca0d3f5d3493d3279a14132c365be0d24",
                "sha256:8b9f53e7c05e6ba3b6d95a2bc5431eb1acd379dd9aa63dbdebfd9bb51b8c278e",
                "sha256:8f7830febf4c639863d34d8dc1d66316108fa95393230b86273780085a43f316",
                "sha256:934f0a3ba4678d8899d16461f0550a262c42cad25ecf24aac9727c6e39ff6fd2",
                "sha256:aae124e0a5a6d5bdd998963e2b99f01fba95956e6c08bba9f97d0ff8352a7ed2",
                "sha256:b55bdda389e7fb9cdd1514800167d38b3626df3d0680025967e75c458c6ea419",
                "sha256:e711276b1b99aa18f1d6e94d4d88ee7a653afe3984e2f323995d3993290101ef",
                "sha256:e88979719dae31ff67e13c9986ffe35550f7281e62b455176ed1c7e7492b416c"
            ],
            "index": "pypi",
            "version": "==7.2.0"
        },
        "django": {
            "hashes": [
                "sha256:4d23f61b26892bac785f07401bc38cbf8fa4cec993f400e9cd9ddf28fd51c0ea",
                "sha256:6e974d4b57e3b29e4882b244d40171d6a75202ab8d2402b8e8adbd182e25cf0c"
            ],
            "index": "pypi",
            "version": "==2.2.3"
        },
        "django-appconf": {
            "hashes": [
                "sha256:35f13ca4d567f132b960e2cd4c832c2d03cb6543452d34e29b7ba10371ba80e3",
                "sha256:c98a7af40062e996b921f5962a1c4f3f0c979fa7885f7be4710cceb90ebe13a6"
            ],
            "version": "==1.0.3"
        },
        "django-select2": {
            "hashes": [
                "sha256:5c71aa67de0c5958880f9fb288e5eb4fb954a46e08674c18ec57e8ba43029305",
                "sha256:f01cc51de98e077bbb3c30b2505f696da968bf10a1534b65474f95decfcda5e4"
            ],
            "index": "pypi",
            "version": "==7.1.0"
        },
        "python-dotenv": {
            "hashes": [
                "sha256:debd928b49dbc2bf68040566f55cdb3252458036464806f4094487244e2a4093",
                "sha256:f157d71d5fec9d4bd5f51c82746b6344dffa680ee85217c123f4a0c8117c4544"
            ],
            "index": "pypi",
            "version": "==0.10.3"
        },
        "pytz": {
            "hashes": [
                "sha256:303879e36b721603cc54604edcac9d20401bdbe31e1e4fdee5b9f98d5d31dfda",
                "sha256:d747dd3d23d77ef44c6a3526e274af6efeb0a6f1afd5a69ba4d5be4098c8e141"
            ],
            "version": "==2019.1"
        },
        "six": {
            "hashes": [
                "sha256:3350809f0555b11f552448330d0b52d5f24c91a322ea4a15ef22629740f3761c",
                "sha256:d16a0141ec1a18405cd4ce8b4613101da75da0e9a7aec5bdd4fa804d0e0eba73"
            ],
            "version": "==1.12.0"
        },
        "sqlparse": {
            "hashes": [
                "sha256:40afe6b8d4b1117e7dff5504d7a8ce07d9a1b15aeeade8a2d10f130a834f8177",
                "sha256:7c3dca29c022744e95b547e867cee89f4fce4373f3549ccd8797d8eb52cdb873"
            ],
            "version": "==0.3.0"
        }
    },
    "develop": {}
}
